// !$*UTF8*$!
{
	archiveVersion = 1;
	classes = {
	};
	objectVersion = 50;
	objects = {

/* Begin PBXBuildFile section */
		A240172426330D6400E97250 /* AppDelegate.swift in Sources */ = {isa = PBXBuildFile; fileRef = A240172326330D6300E97250 /* AppDelegate.swift */; };
		A240172626330D6400E97250 /* SceneDelegate.swift in Sources */ = {isa = PBXBuildFile; fileRef = A240172526330D6400E97250 /* SceneDelegate.swift */; };
		A240172826330D6400E97250 /* ViewController.swift in Sources */ = {isa = PBXBuildFile; fileRef = A240172726330D6400E97250 /* ViewController.swift */; };
		A240172B26330D6400E97250 /* Main.storyboard in Resources */ = {isa = PBXBuildFile; fileRef = A240172926330D6400E97250 /* Main.storyboard */; };
		A240172E26330D6400E97250 /* MyMemory.xcdatamodeld in Sources */ = {isa = PBXBuildFile; fileRef = A240172C26330D6400E97250 /* MyMemory.xcdatamodeld */; };
		A240173026330D6400E97250 /* Assets.xcassets in Resources */ = {isa = PBXBuildFile; fileRef = A240172F26330D6400E97250 /* Assets.xcassets */; };
		A240173326330D6400E97250 /* LaunchScreen.storyboard in Resources */ = {isa = PBXBuildFile; fileRef = A240173126330D6400E97250 /* LaunchScreen.storyboard */; };
		A240173E26330D6400E97250 /* MyMemoryTests.swift in Sources */ = {isa = PBXBuildFile; fileRef = A240173D26330D6400E97250 /* MyMemoryTests.swift */; };
		A240174926330D6400E97250 /* MyMemoryUITests.swift in Sources */ = {isa = PBXBuildFile; fileRef = A240174826330D6400E97250 /* MyMemoryUITests.swift */; };
/* End PBXBuildFile section */

/* Begin PBXContainerItemProxy section */
		A240173A26330D6400E97250 /* PBXContainerItemProxy */ = {
			isa = PBXContainerItemProxy;
			containerPortal = A240171826330D6300E97250 /* Project object */;
			proxyType = 1;
			remoteGlobalIDString = A240171F26330D6300E97250;
			remoteInfo = MyMemory;
		};
		A240174526330D6400E97250 /* PBXContainerItemProxy */ = {
			isa = PBXContainerItemProxy;
			containerPortal = A240171826330D6300E97250 /* Project object */;
			proxyType = 1;
			remoteGlobalIDString = A240171F26330D6300E97250;
			remoteInfo = MyMemory;
		};
/* End PBXContainerItemProxy section */

/* Begin PBXFileReference section */
		A240172026330D6300E97250 /* MyMemory.app */ = {isa = PBXFileReference; explicitFileType = wrapper.application; includeInIndex = 0; path = MyMemory.app; sourceTree = BUILT_PRODUCTS_DIR; };
		A240172326330D6300E97250 /* AppDelegate.swift */ = {isa = PBXFileReference; lastKnownFileType = sourcecode.swift; path = AppDelegate.swift; sourceTree = "<group>"; };
		A240172526330D6400E97250 /* SceneDelegate.swift */ = {isa = PBXFileReference; lastKnownFileType = sourcecode.swift; path = SceneDelegate.swift; sourceTree = "<group>"; };
		A240172726330D6400E97250 /* ViewController.swift */ = {isa = PBXFileReference; lastKnownFileType = sourcecode.swift; path = ViewController.swift; sourceTree = "<group>"; };
		A240172A26330D6400E97250 /* Base */ = {isa = PBXFileReference; lastKnownFileType = file.storyboard; name = Base; path = Base.lproj/Main.storyboard; sourceTree = "<group>"; };
		A240172D26330D6400E97250 /* MyMemory.xcdatamodel */ = {isa = PBXFileReference; lastKnownFileType = wrapper.xcdatamodel; path = MyMemory.xcdatamodel; sourceTree = "<group>"; };
		A240172F26330D6400E97250 /* Assets.xcassets */ = {isa = PBXFileReference; lastKnownFileType = folder.assetcatalog; path = Assets.xcassets; sourceTree = "<group>"; };
		A240173226330D6400E97250 /* Base */ = {isa = PBXFileReference; lastKnownFileType = file.storyboard; name = Base; path = Base.lproj/LaunchScreen.storyboard; sourceTree = "<group>"; };
		A240173426330D6400E97250 /* Info.plist */ = {isa = PBXFileReference; lastKnownFileType = text.plist.xml; path = Info.plist; sourceTree = "<group>"; };
		A240173926330D6400E97250 /* MyMemoryTests.xctest */ = {isa = PBXFileReference; explicitFileType = wrapper.cfbundle; includeInIndex = 0; path = MyMemoryTests.xctest; sourceTree = BUILT_PRODUCTS_DIR; };
		A240173D26330D6400E97250 /* MyMemoryTests.swift */ = {isa = PBXFileReference; lastKnownFileType = sourcecode.swift; path = MyMemoryTests.swift; sourceTree = "<group>"; };
		A240173F26330D6400E97250 /* Info.plist */ = {isa = PBXFileReference; lastKnownFileType = text.plist.xml; path = Info.plist; sourceTree = "<group>"; };
		A240174426330D6400E97250 /* MyMemoryUITests.xctest */ = {isa = PBXFileReference; explicitFileType = wrapper.cfbundle; includeInIndex = 0; path = MyMemoryUITests.xctest; sourceTree = BUILT_PRODUCTS_DIR; };
		A240174826330D6400E97250 /* MyMemoryUITests.swift */ = {isa = PBXFileReference; lastKnownFileType = sourcecode.swift; path = MyMemoryUITests.swift; sourceTree = "<group>"; };
		A240174A26330D6400E97250 /* Info.plist */ = {isa = PBXFileReference; lastKnownFileType = text.plist.xml; path = Info.plist; sourceTree = "<group>"; };
/* End PBXFileReference section */

/* Begin PBXFrameworksBuildPhase section */
		A240171D26330D6300E97250 /* Frameworks */ = {
			isa = PBXFrameworksBuildPhase;
			buildActionMask = 2147483647;
			files = (
			);
			runOnlyForDeploymentPostprocessing = 0;
		};
		A240173626330D6400E97250 /* Frameworks */ = {
			isa = PBXFrameworksBuildPhase;
			buildActionMask = 2147483647;
			files = (
			);
			runOnlyForDeploymentPostprocessing = 0;
		};
		A240174126330D6400E97250 /* Frameworks */ = {
			isa = PBXFrameworksBuildPhase;
			buildActionMask = 2147483647;
			files = (
			);
			runOnlyForDeploymentPostprocessing = 0;
		};
/* End PBXFrameworksBuildPhase section */

/* Begin PBXGroup section */
		A240171726330D6300E97250 = {
			isa = PBXGroup;
			children = (
				A240172226330D6300E97250 /* MyMemory */,
				A240173C26330D6400E97250 /* MyMemoryTests */,
				A240174726330D6400E97250 /* MyMemoryUITests */,
				A240172126330D6300E97250 /* Products */,
			);
			sourceTree = "<group>";
		};
		A240172126330D6300E97250 /* Products */ = {
			isa = PBXGroup;
			children = (
				A240172026330D6300E97250 /* MyMemory.app */,
				A240173926330D6400E97250 /* MyMemoryTests.xctest */,
				A240174426330D6400E97250 /* MyMemoryUITests.xctest */,
			);
			name = Products;
			sourceTree = "<group>";
		};
		A240172226330D6300E97250 /* MyMemory */ = {
			isa = PBXGroup;
			children = (
				A240172326330D6300E97250 /* AppDelegate.swift */,
				A240172526330D6400E97250 /* SceneDelegate.swift */,
				A240172726330D6400E97250 /* ViewController.swift */,
				A240172926330D6400E97250 /* Main.storyboard */,
				A240172F26330D6400E97250 /* Assets.xcassets */,
				A240173126330D6400E97250 /* LaunchScreen.storyboard */,
				A240173426330D6400E97250 /* Info.plist */,
				A240172C26330D6400E97250 /* MyMemory.xcdatamodeld */,
			);
			path = MyMemory;
			sourceTree = "<group>";
		};
		A240173C26330D6400E97250 /* MyMemoryTests */ = {
			isa = PBXGroup;
			children = (
				A240173D26330D6400E97250 /* MyMemoryTests.swift */,
				A240173F26330D6400E97250 /* Info.plist */,
			);
			path = MyMemoryTests;
			sourceTree = "<group>";
		};
		A240174726330D6400E97250 /* MyMemoryUITests */ = {
			isa = PBXGroup;
			children = (
				A240174826330D6400E97250 /* MyMemoryUITests.swift */,
				A240174A26330D6400E97250 /* Info.plist */,
			);
			path = MyMemoryUITests;
			sourceTree = "<group>";
		};
/* End PBXGroup section */

/* Begin PBXNativeTarget section */
		A240171F26330D6300E97250 /* MyMemory */ = {
			isa = PBXNativeTarget;
			buildConfigurationList = A240174D26330D6400E97250 /* Build configuration list for PBXNativeTarget "MyMemory" */;
			buildPhases = (
				A240171C26330D6300E97250 /* Sources */,
				A240171D26330D6300E97250 /* Frameworks */,
				A240171E26330D6300E97250 /* Resources */,
			);
			buildRules = (
			);
			dependencies = (
			);
			name = MyMemory;
			productName = MyMemory;
			productReference = A240172026330D6300E97250 /* MyMemory.app */;
			productType = "com.apple.product-type.application";
		};
		A240173826330D6400E97250 /* MyMemoryTests */ = {
			isa = PBXNativeTarget;
			buildConfigurationList = A240175026330D6400E97250 /* Build configuration list for PBXNativeTarget "MyMemoryTests" */;
			buildPhases = (
				A240173526330D6400E97250 /* Sources */,
				A240173626330D6400E97250 /* Frameworks */,
				A240173726330D6400E97250 /* Resources */,
			);
			buildRules = (
			);
			dependencies = (
				A240173B26330D6400E97250 /* PBXTargetDependency */,
			);
			name = MyMemoryTests;
			productName = MyMemoryTests;
			productReference = A240173926330D6400E97250 /* MyMemoryTests.xctest */;
			productType = "com.apple.product-type.bundle.unit-test";
		};
		A240174326330D6400E97250 /* MyMemoryUITests */ = {
			isa = PBXNativeTarget;
			buildConfigurationList = A240175326330D6400E97250 /* Build configuration list for PBXNativeTarget "MyMemoryUITests" */;
			buildPhases = (
				A240174026330D6400E97250 /* Sources */,
				A240174126330D6400E97250 /* Frameworks */,
				A240174226330D6400E97250 /* Resources */,
			);
			buildRules = (
			);
			dependencies = (
				A240174626330D6400E97250 /* PBXTargetDependency */,
			);
			name = MyMemoryUITests;
			productName = MyMemoryUITests;
			productReference = A240174426330D6400E97250 /* MyMemoryUITests.xctest */;
			productType = "com.apple.product-type.bundle.ui-testing";
		};
/* End PBXNativeTarget section */

/* Begin PBXProject section */
		A240171826330D6300E97250 /* Project object */ = {
			isa = PBXProject;
			attributes = {
				LastSwiftUpdateCheck = 1240;
				LastUpgradeCheck = 1240;
				TargetAttributes = {
					A240171F26330D6300E97250 = {
						CreatedOnToolsVersion = 12.4;
					};
					A240173826330D6400E97250 = {
						CreatedOnToolsVersion = 12.4;
						TestTargetID = A240171F26330D6300E97250;
					};
					A240174326330D6400E97250 = {
						CreatedOnToolsVersion = 12.4;
						TestTargetID = A240171F26330D6300E97250;
					};
				};
			};
			buildConfigurationList = A240171B26330D6300E97250 /* Build configuration list for PBXProject "MyMemory" */;
			compatibilityVersion = "Xcode 9.3";
			developmentRegion = en;
			hasScannedForEncodings = 0;
			knownRegions = (
				en,
				Base,
			);
			mainGroup = A240171726330D6300E97250;
			productRefGroup = A240172126330D6300E97250 /* Products */;
			projectDirPath = "";
			projectRoot = "";
			targets = (
				A240171F26330D6300E97250 /* MyMemory */,
				A240173826330D6400E97250 /* MyMemoryTests */,
				A240174326330D6400E97250 /* MyMemoryUITests */,
			);
		};
/* End PBXProject section */

/* Begin PBXResourcesBuildPhase section */
		A240171E26330D6300E97250 /* Resources */ = {
			isa = PBXResourcesBuildPhase;
			buildActionMask = 2147483647;
			files = (
				A240173326330D6400E97250 /* LaunchScreen.storyboard in Resources */,
				A240173026330D6400E97250 /* Assets.xcassets in Resources */,
				A240172B26330D6400E97250 /* Main.storyboard in Resources */,
			);
			runOnlyForDeploymentPostprocessing = 0;
		};
		A240173726330D6400E97250 /* Resources */ = {
			isa = PBXResourcesBuildPhase;
			buildActionMask = 2147483647;
			files = (
			);
			runOnlyForDeploymentPostprocessing = 0;
		};
		A240174226330D6400E97250 /* Resources */ = {
			isa = PBXResourcesBuildPhase;
			buildActionMask = 2147483647;
			files = (
			);
			runOnlyForDeploymentPostprocessing = 0;
		};
/* End PBXResourcesBuildPhase section */

/* Begin PBXSourcesBuildPhase section */
		A240171C26330D6300E97250 /* Sources */ = {
			isa = PBXSourcesBuildPhase;
			buildActionMask = 2147483647;
			files = (
				A240172E26330D6400E97250 /* MyMemory.xcdatamodeld in Sources */,
				A240172826330D6400E97250 /* ViewController.swift in Sources */,
				A240172426330D6400E97250 /* AppDelegate.swift in Sources */,
				A240172626330D6400E97250 /* SceneDelegate.swift in Sources */,
			);
			runOnlyForDeploymentPostprocessing = 0;
		};
		A240173526330D6400E97250 /* Sources */ = {
			isa = PBXSourcesBuildPhase;
			buildActionMask = 2147483647;
			files = (
				A240173E26330D6400E97250 /* MyMemoryTests.swift in Sources */,
			);
			runOnlyForDeploymentPostprocessing = 0;
		};
		A240174026330D6400E97250 /* Sources */ = {
			isa = PBXSourcesBuildPhase;
			buildActionMask = 2147483647;
			files = (
				A240174926330D6400E97250 /* MyMemoryUITests.swift in Sources */,
			);
			runOnlyForDeploymentPostprocessing = 0;
		};
/* End PBXSourcesBuildPhase section */

/* Begin PBXTargetDependency section */
		A240173B26330D6400E97250 /* PBXTargetDependency */ = {
			isa = PBXTargetDependency;
			target = A240171F26330D6300E97250 /* MyMemory */;
			targetProxy = A240173A26330D6400E97250 /* PBXContainerItemProxy */;
		};
		A240174626330D6400E97250 /* PBXTargetDependency */ = {
			isa = PBXTargetDependency;
			target = A240171F26330D6300E97250 /* MyMemory */;
			targetProxy = A240174526330D6400E97250 /* PBXContainerItemProxy */;
		};
/* End PBXTargetDependency section */

/* Begin PBXVariantGroup section */
		A240172926330D6400E97250 /* Main.storyboard */ = {
			isa = PBXVariantGroup;
			children = (
				A240172A26330D6400E97250 /* Base */,
			);
			name = Main.storyboard;
			sourceTree = "<group>";
		};
		A240173126330D6400E97250 /* LaunchScreen.storyboard */ = {
			isa = PBXVariantGroup;
			children = (
				A240173226330D6400E97250 /* Base */,
			);
			name = LaunchScreen.storyboard;
			sourceTree = "<group>";
		};
/* End PBXVariantGroup section */

/* Begin XCBuildConfiguration section */
		A240174B26330D6400E97250 /* Debug */ = {
			isa = XCBuildConfiguration;
			buildSettings = {
				ALWAYS_SEARCH_USER_PATHS = NO;
				CLANG_ANALYZER_NONNULL = YES;
				CLANG_ANALYZER_NUMBER_OBJECT_CONVERSION = YES_AGGRESSIVE;
				CLANG_CXX_LANGUAGE_STANDARD = "gnu++14";
				CLANG_CXX_LIBRARY = "libc++";
				CLANG_ENABLE_MODULES = YES;
				CLANG_ENABLE_OBJC_ARC = YES;
				CLANG_ENABLE_OBJC_WEAK = YES;
				CLANG_WARN_BLOCK_CAPTURE_AUTORELEASING = YES;
				CLANG_WARN_BOOL_CONVERSION = YES;
				CLANG_WARN_COMMA = YES;
				CLANG_WARN_CONSTANT_CONVERSION = YES;
				CLANG_WARN_DEPRECATED_OBJC_IMPLEMENTATIONS = YES;
				CLANG_WARN_DIRECT_OBJC_ISA_USAGE = YES_ERROR;
				CLANG_WARN_DOCUMENTATION_COMMENTS = YES;
				CLANG_WARN_EMPTY_BODY = YES;
				CLANG_WARN_ENUM_CONVERSION = YES;
				CLANG_WARN_INFINITE_RECURSION = YES;
				CLANG_WARN_INT_CONVERSION = YES;
				CLANG_WARN_NON_LITERAL_NULL_CONVERSION = YES;
				CLANG_WARN_OBJC_IMPLICIT_RETAIN_SELF = YES;
				CLANG_WARN_OBJC_LITERAL_CONVERSION = YES;
				CLANG_WARN_OBJC_ROOT_CLASS = YES_ERROR;
				CLANG_WARN_QUOTED_INCLUDE_IN_FRAMEWORK_HEADER = YES;
				CLANG_WARN_RANGE_LOOP_ANALYSIS = YES;
				CLANG_WARN_STRICT_PROTOTYPES = YES;
				CLANG_WARN_SUSPICIOUS_MOVE = YES;
				CLANG_WARN_UNGUARDED_AVAILABILITY = YES_AGGRESSIVE;
				CLANG_WARN_UNREACHABLE_CODE = YES;
				CLANG_WARN__DUPLICATE_METHOD_MATCH = YES;
				COPY_PHASE_STRIP = NO;
				DEBUG_INFORMATION_FORMAT = dwarf;
				ENABLE_STRICT_OBJC_MSGSEND = YES;
				ENABLE_TESTABILITY = YES;
				GCC_C_LANGUAGE_STANDARD = gnu11;
				GCC_DYNAMIC_NO_PIC = NO;
				GCC_NO_COMMON_BLOCKS = YES;
				GCC_OPTIMIZATION_LEVEL = 0;
				GCC_PREPROCESSOR_DEFINITIONS = (
					"DEBUG=1",
					"$(inherited)",
				);
				GCC_WARN_64_TO_32_BIT_CONVERSION = YES;
				GCC_WARN_ABOUT_RETURN_TYPE = YES_ERROR;
				GCC_WARN_UNDECLARED_SELECTOR = YES;
				GCC_WARN_UNINITIALIZED_AUTOS = YES_AGGRESSIVE;
				GCC_WARN_UNUSED_FUNCTION = YES;
				GCC_WARN_UNUSED_VARIABLE = YES;
				IPHONEOS_DEPLOYMENT_TARGET = 14.4;
				MTL_ENABLE_DEBUG_INFO = INCLUDE_SOURCE;
				MTL_FAST_MATH = YES;
				ONLY_ACTIVE_ARCH = YES;
				SDKROOT = iphoneos;
				SWIFT_ACTIVE_COMPILATION_CONDITIONS = DEBUG;
				SWIFT_OPTIMIZATION_LEVEL = "-Onone";
			};
			name = Debug;
		};
		A240174C26330D6400E97250 /* Release */ = {
			isa = XCBuildConfiguration;
			buildSettings = {
				ALWAYS_SEARCH_USER_PATHS = NO;
				CLANG_ANALYZER_NONNULL = YES;
				CLANG_ANALYZER_NUMBER_OBJECT_CONVERSION = YES_AGGRESSIVE;
				CLANG_CXX_LANGUAGE_STANDARD = "gnu++14";
				CLANG_CXX_LIBRARY = "libc++";
				CLANG_ENABLE_MODULES = YES;
				CLANG_ENABLE_OBJC_ARC = YES;
				CLANG_ENABLE_OBJC_WEAK = YES;
				CLANG_WARN_BLOCK_CAPTURE_AUTORELEASING = YES;
				CLANG_WARN_BOOL_CONVERSION = YES;
				CLANG_WARN_COMMA = YES;
				CLANG_WARN_CONSTANT_CONVERSION = YES;
				CLANG_WARN_DEPRECATED_OBJC_IMPLEMENTATIONS = YES;
				CLANG_WARN_DIRECT_OBJC_ISA_USAGE = YES_ERROR;
				CLANG_WARN_DOCUMENTATION_COMMENTS = YES;
				CLANG_WARN_EMPTY_BODY = YES;
				CLANG_WARN_ENUM_CONVERSION = YES;
				CLANG_WARN_INFINITE_RECURSION = YES;
				CLANG_WARN_INT_CONVERSION = YES;
				CLANG_WARN_NON_LITERAL_NULL_CONVERSION = YES;
				CLANG_WARN_OBJC_IMPLICIT_RETAIN_SELF = YES;
				CLANG_WARN_OBJC_LITERAL_CONVERSION = YES;
				CLANG_WARN_OBJC_ROOT_CLASS = YES_ERROR;
				CLANG_WARN_QUOTED_INCLUDE_IN_FRAMEWORK_HEADER = YES;
				CLANG_WARN_RANGE_LOOP_ANALYSIS = YES;
				CLANG_WARN_STRICT_PROTOTYPES = YES;
				CLANG_WARN_SUSPICIOUS_MOVE = YES;
				CLANG_WARN_UNGUARDED_AVAILABILITY = YES_AGGRESSIVE;
				CLANG_WARN_UNREACHABLE_CODE = YES;
				CLANG_WARN__DUPLICATE_METHOD_MATCH = YES;
				COPY_PHASE_STRIP = NO;
				DEBUG_INFORMATION_FORMAT = "dwarf-with-dsym";
				ENABLE_NS_ASSERTIONS = NO;
				ENABLE_STRICT_OBJC_MSGSEND = YES;
				GCC_C_LANGUAGE_STANDARD = gnu11;
				GCC_NO_COMMON_BLOCKS = YES;
				GCC_WARN_64_TO_32_BIT_CONVERSION = YES;
				GCC_WARN_ABOUT_RETURN_TYPE = YES_ERROR;
				GCC_WARN_UNDECLARED_SELECTOR = YES;
				GCC_WARN_UNINITIALIZED_AUTOS = YES_AGGRESSIVE;
				GCC_WARN_UNUSED_FUNCTION = YES;
				GCC_WARN_UNUSED_VARIABLE = YES;
				IPHONEOS_DEPLOYMENT_TARGET = 14.4;
				MTL_ENABLE_DEBUG_INFO = NO;
				MTL_FAST_MATH = YES;
				SDKROOT = iphoneos;
				SWIFT_COMPILATION_MODE = wholemodule;
				SWIFT_OPTIMIZATION_LEVEL = "-O";
				VALIDATE_PRODUCT = YES;
			};
			name = Release;
		};
		A240174E26330D6400E97250 /* Debug */ = {
			isa = XCBuildConfiguration;
			buildSettings = {
				ASSETCATALOG_COMPILER_APPICON_NAME = AppIcon;
				ASSETCATALOG_COMPILER_GLOBAL_ACCENT_COLOR_NAME = AccentColor;
				CODE_SIGN_STYLE = Automatic;
				DEVELOPMENT_TEAM = YQKFCDZ6RR;
				INFOPLIST_FILE = MyMemory/Info.plist;
				LD_RUNPATH_SEARCH_PATHS = (
					"$(inherited)",
					"@executable_path/Frameworks",
				);
				PRODUCT_BUNDLE_IDENTIFIER = iamchoigo.MyMemory;
				PRODUCT_NAME = "$(TARGET_NAME)";
				SWIFT_VERSION = 5.0;
				TARGETED_DEVICE_FAMILY = "1,2";
			};
			name = Debug;
		};
		A240174F26330D6400E97250 /* Release */ = {
			isa = XCBuildConfiguration;
			buildSettings = {
				ASSETCATALOG_COMPILER_APPICON_NAME = AppIcon;
				ASSETCATALOG_COMPILER_GLOBAL_ACCENT_COLOR_NAME = AccentColor;
				CODE_SIGN_STYLE = Automatic;
				DEVELOPMENT_TEAM = YQKFCDZ6RR;
				INFOPLIST_FILE = MyMemory/Info.plist;
				LD_RUNPATH_SEARCH_PATHS = (
					"$(inherited)",
					"@executable_path/Frameworks",
				);
				PRODUCT_BUNDLE_IDENTIFIER = iamchoigo.MyMemory;
				PRODUCT_NAME = "$(TARGET_NAME)";
				SWIFT_VERSION = 5.0;
				TARGETED_DEVICE_FAMILY = "1,2";
			};
			name = Release;
		};
		A240175126330D6400E97250 /* Debug */ = {
			isa = XCBuildConfiguration;
			buildSettings = {
				ALWAYS_EMBED_SWIFT_STANDARD_LIBRARIES = YES;
				BUNDLE_LOADER = "$(TEST_HOST)";
				CODE_SIGN_STYLE = Automatic;
				DEVELOPMENT_TEAM = YQKFCDZ6RR;
				INFOPLIST_FILE = MyMemoryTests/Info.plist;
				IPHONEOS_DEPLOYMENT_TARGET = 14.4;
				LD_RUNPATH_SEARCH_PATHS = (
					"$(inherited)",
					"@executable_path/Frameworks",
					"@loader_path/Frameworks",
				);
				PRODUCT_BUNDLE_IDENTIFIER = iamchoigo.MyMemoryTests;
				PRODUCT_NAME = "$(TARGET_NAME)";
				SWIFT_VERSION = 5.0;
				TARGETED_DEVICE_FAMILY = "1,2";
				TEST_HOST = "$(BUILT_PRODUCTS_DIR)/MyMemory.app/MyMemory";
			};
			name = Debug;
		};
		A240175226330D6400E97250 /* Release */ = {
			isa = XCBuildConfiguration;
			buildSettings = {
				ALWAYS_EMBED_SWIFT_STANDARD_LIBRARIES = YES;
				BUNDLE_LOADER = "$(TEST_HOST)";
				CODE_SIGN_STYLE = Automatic;
				DEVELOPMENT_TEAM = YQKFCDZ6RR;
				INFOPLIST_FILE = MyMemoryTests/Info.plist;
				IPHONEOS_DEPLOYMENT_TARGET = 14.4;
				LD_RUNPATH_SEARCH_PATHS = (
					"$(inherited)",
					"@executable_path/Frameworks",
					"@loader_path/Frameworks",
				);
				PRODUCT_BUNDLE_IDENTIFIER = iamchoigo.MyMemoryTests;
				PRODUCT_NAME = "$(TARGET_NAME)";
				SWIFT_VERSION = 5.0;
				TARGETED_DEVICE_FAMILY = "1,2";
				TEST_HOST = "$(BUILT_PRODUCTS_DIR)/MyMemory.app/MyMemory";
			};
			name = Release;
		};
		A240175426330D6400E97250 /* Debug */ = {
			isa = XCBuildConfiguration;
			buildSettings = {
				ALWAYS_EMBED_SWIFT_STANDARD_LIBRARIES = YES;
				CODE_SIGN_STYLE = Automatic;
				DEVELOPMENT_TEAM = YQKFCDZ6RR;
				INFOPLIST_FILE = MyMemoryUITests/Info.plist;
				LD_RUNPATH_SEARCH_PATHS = (
					"$(inherited)",
					"@executable_path/Frameworks",
					"@loader_path/Frameworks",
				);
				PRODUCT_BUNDLE_IDENTIFIER = iamchoigo.MyMemoryUITests;
				PRODUCT_NAME = "$(TARGET_NAME)";
				SWIFT_VERSION = 5.0;
				TARGETED_DEVICE_FAMILY = "1,2";
				TEST_TARGET_NAME = MyMemory;
			};
			name = Debug;
		};
		A240175526330D6400E97250 /* Release */ = {
			isa = XCBuildConfiguration;
			buildSettings = {
				ALWAYS_EMBED_SWIFT_STANDARD_LIBRARIES = YES;
				CODE_SIGN_STYLE = Automatic;
				DEVELOPMENT_TEAM = YQKFCDZ6RR;
				INFOPLIST_FILE = MyMemoryUITests/Info.plist;
				LD_RUNPATH_SEARCH_PATHS = (
					"$(inherited)",
					"@executable_path/Frameworks",
					"@loader_path/Frameworks",
				);
				PRODUCT_BUNDLE_IDENTIFIER = iamchoigo.MyMemoryUITests;
				PRODUCT_NAME = "$(TARGET_NAME)";
				SWIFT_VERSION = 5.0;
				TARGETED_DEVICE_FAMILY = "1,2";
				TEST_TARGET_NAME = MyMemory;
			};
			name = Release;
		};
/* End XCBuildConfiguration section */

/* Begin XCConfigurationList section */
		A240171B26330D6300E97250 /* Build configuration list for PBXProject "MyMemory" */ = {
			isa = XCConfigurationList;
			buildConfigurations = (
				A240174B26330D6400E97250 /* Debug */,
				A240174C26330D6400E97250 /* Release */,
			);
			defaultConfigurationIsVisible = 0;
			defaultConfigurationName = Release;
		};
		A240174D26330D6400E97250 /* Build configuration list for PBXNativeTarget "MyMemory" */ = {
			isa = XCConfigurationList;
			buildConfigurations = (
				A240174E26330D6400E97250 /* Debug */,
				A240174F26330D6400E97250 /* Release */,
			);
			defaultConfigurationIsVisible = 0;
			defaultConfigurationName = Release;
		};
		A240175026330D6400E97250 /* Build configuration list for PBXNativeTarget "MyMemoryTests" */ = {
			isa = XCConfigurationList;
			buildConfigurations = (
				A240175126330D6400E97250 /* Debug */,
				A240175226330D6400E97250 /* Release */,
			);
			defaultConfigurationIsVisible = 0;
			defaultConfigurationName = Release;
		};
		A240175326330D6400E97250 /* Build configuration list for PBXNativeTarget "MyMemoryUITests" */ = {
			isa = XCConfigurationList;
			buildConfigurations = (
				A240175426330D6400E97250 /* Debug */,
				A240175526330D6400E97250 /* Release */,
			);
			defaultConfigurationIsVisible = 0;
			defaultConfigurationName = Release;
		};
/* End XCConfigurationList section */

/* Begin XCVersionGroup section */
		A240172C26330D6400E97250 /* MyMemory.xcdatamodeld */ = {
			isa = XCVersionGroup;
			children = (
				A240172D26330D6400E97250 /* MyMemory.xcdatamodel */,
			);
			currentVersion = A240172D26330D6400E97250 /* MyMemory.xcdatamodel */;
			path = MyMemory.xcdatamodeld;
			sourceTree = "<group>";
			versionGroupType = wrapper.xcdatamodel;
		};
/* End XCVersionGroup section */
	};
	rootObject = A240171826330D6300E97250 /* Project object */;
}
